
Microsoft Visual Studio Solution File, Format Version 12.00
# Visual Studio Version 17
VisualStudioVersion = 17.9.34723.18
MinimumVisualStudioVersion = 10.0.40219.1
Project("{FAE04EC0-301F-11D3-BF4B-00C04F79EFBC}") = "KonyvtarAsztali", "KonyvtarAsztali\KonyvtarAsztali.csproj", "{4AEEFEA6-786D-4901-A78F-07EE99E3304B}"
EndProject
Global
	GlobalSection(SolutionConfigurationPlatforms) = preSolution
		Debug|Any CPU = Debug|Any CPU
		Release|Any CPU = Release|Any CPU
	EndGlobalSection
	GlobalSection(ProjectConfigurationPlatforms) = postSolution
		{4AEEFEA6-786D-4901-A78F-07EE99E3304B}.Debug|Any CPU.ActiveCfg = Debug|Any CPU
		{4AEEFEA6-786D-4901-A78F-07EE99E3304B}.Debug|Any CPU.Build.0 = Debug|Any CPU
		{4AEEFEA6-786D-4901-A78F-07EE99E3304B}.Release|Any CPU.ActiveCfg = Release|Any CPU
		{4AEEFEA6-786D-4901-A78F-07EE99E3304B}.Release|Any CPU.Build.0 = Release|Any CPU
	EndGlobalSection
	GlobalSection(SolutionProperties) = preSolution
		HideSolutionNode = FALSE
	EndGlobalSection
	GlobalSection(ExtensibilityGlobals) = postSolution
		SolutionGuid = {7569F7DF-E42D-4AC7-B62E-F93C46E659B1}
	EndGlobalSection
EndGlobal
